// !$*UTF8*$!
{
	archiveVersion = 1;
	classes = {
	};
	objectVersion = 50;
	objects = {

/* Begin PBXBuildFile section */
		3D085C65270BC0950052E95F /* AppDelegate.swift in Sources */ = {isa = PBXBuildFile; fileRef = 3D085C64270BC0950052E95F /* AppDelegate.swift */; };
		3D085C67270BC0950052E95F /* ViewController.swift in Sources */ = {isa = PBXBuildFile; fileRef = 3D085C66270BC0950052E95F /* ViewController.swift */; };
		3D085C6A270BC0950052E95F /* Main.storyboard in Resources */ = {isa = PBXBuildFile; fileRef = 3D085C68270BC0950052E95F /* Main.storyboard */; };
		3D085C6C270BC09E0052E95F /* Assets.xcassets in Resources */ = {isa = PBXBuildFile; fileRef = 3D085C6B270BC09E0052E95F /* Assets.xcassets */; };
		3D085C6F270BC09E0052E95F /* LaunchScreen.storyboard in Resources */ = {isa = PBXBuildFile; fileRef = 3D085C6D270BC09E0052E95F /* LaunchScreen.storyboard */; };
		3D085C77270BC2C70052E95F /* Restaurant.swift in Sources */ = {isa = PBXBuildFile; fileRef = 3D085C76270BC2C70052E95F /* Restaurant.swift */; };
		3D085C79270BC7110052E95F /* CeldaRestaurantController.swift in Sources */ = {isa = PBXBuildFile; fileRef = 3D085C78270BC7110052E95F /* CeldaRestaurantController.swift */; };
/* End PBXBuildFile section */

/* Begin PBXFileReference section */
		3D085C61270BC0950052E95F /* Modelos.app */ = {isa = PBXFileReference; explicitFileType = wrapper.application; includeInIndex = 0; path = Modelos.app; sourceTree = BUILT_PRODUCTS_DIR; };
		3D085C64270BC0950052E95F /* AppDelegate.swift */ = {isa = PBXFileReference; lastKnownFileType = sourcecode.swift; path = AppDelegate.swift; sourceTree = "<group>"; };
		3D085C66270BC0950052E95F /* ViewController.swift */ = {isa = PBXFileReference; lastKnownFileType = sourcecode.swift; path = ViewController.swift; sourceTree = "<group>"; };
		3D085C69270BC0950052E95F /* Base */ = {isa = PBXFileReference; lastKnownFileType = file.storyboard; name = Base; path = Base.lproj/Main.storyboard; sourceTree = "<group>"; };
		3D085C6B270BC09E0052E95F /* Assets.xcassets */ = {isa = PBXFileReference; lastKnownFileType = folder.assetcatalog; path = Assets.xcassets; sourceTree = "<group>"; };
		3D085C6E270BC09E0052E95F /* Base */ = {isa = PBXFileReference; lastKnownFileType = file.storyboard; name = Base; path = Base.lproj/LaunchScreen.storyboard; sourceTree = "<group>"; };
		3D085C70270BC09E0052E95F /* Info.plist */ = {isa = PBXFileReference; lastKnownFileType = text.plist.xml; path = Info.plist; sourceTree = "<group>"; };
		3D085C76270BC2C70052E95F /* Restaurant.swift */ = {isa = PBXFileReference; lastKnownFileType = sourcecode.swift; path = Restaurant.swift; sourceTree = "<group>"; };
		3D085C78270BC7110052E95F /* CeldaRestaurantController.swift */ = {isa = PBXFileReference; lastKnownFileType = sourcecode.swift; path = CeldaRestaurantController.swift; sourceTree = "<group>"; };
/* End PBXFileReference section */

/* Begin PBXFrameworksBuildPhase section */
		3D085C5E270BC0950052E95F /* Frameworks */ = {
			isa = PBXFrameworksBuildPhase;
			buildActionMask = 2147483647;
			files = (
			);
			runOnlyForDeploymentPostprocessing = 0;
		};
/* End PBXFrameworksBuildPhase section */

/* Begin PBXGroup section */
		3D085C58270BC0950052E95F = {
			isa = PBXGroup;
			children = (
				3D085C63270BC0950052E95F /* Modelos */,
				3D085C62270BC0950052E95F /* Products */,
			);
			sourceTree = "<group>";
		};
		3D085C62270BC0950052E95F /* Products */ = {
			isa = PBXGroup;
			children = (
				3D085C61270BC0950052E95F /* Modelos.app */,
			);
			name = Products;
			sourceTree = "<group>";
		};
		3D085C63270BC0950052E95F /* Modelos */ = {
			isa = PBXGroup;
			children = (
				3D085C64270BC0950052E95F /* AppDelegate.swift */,
				3D085C66270BC0950052E95F /* ViewController.swift */,
				3D085C68270BC0950052E95F /* Main.storyboard */,
				3D085C6B270BC09E0052E95F /* Assets.xcassets */,
				3D085C6D270BC09E0052E95F /* LaunchScreen.storyboard */,
				3D085C70270BC09E0052E95F /* Info.plist */,
				3D085C76270BC2C70052E95F /* Restaurant.swift */,
				3D085C78270BC7110052E95F /* CeldaRestaurantController.swift */,
			);
			path = Modelos;
			sourceTree = "<group>";
		};
/* End PBXGroup section */

/* Begin PBXNativeTarget section */
		3D085C60270BC0950052E95F /* Modelos */ = {
			isa = PBXNativeTarget;
			buildConfigurationList = 3D085C73270BC09E0052E95F /* Build configuration list for PBXNativeTarget "Modelos" */;
			buildPhases = (
				3D085C5D270BC0950052E95F /* Sources */,
				3D085C5E270BC0950052E95F /* Frameworks */,
				3D085C5F270BC0950052E95F /* Resources */,
			);
			buildRules = (
			);
			dependencies = (
			);
			name = Modelos;
			productName = Modelos;
			productReference = 3D085C61270BC0950052E95F /* Modelos.app */;
			productType = "com.apple.product-type.application";
		};
/* End PBXNativeTarget section */

/* Begin PBXProject section */
		3D085C59270BC0950052E95F /* Project object */ = {
			isa = PBXProject;
			attributes = {
				LastSwiftUpdateCheck = 1030;
				LastUpgradeCheck = 1030;
				ORGANIZATIONNAME = Alumno;
				TargetAttributes = {
					3D085C60270BC0950052E95F = {
						CreatedOnToolsVersion = 10.3;
					};
				};
			};
			buildConfigurationList = 3D085C5C270BC0950052E95F /* Build configuration list for PBXProject "Modelos" */;
			compatibilityVersion = "Xcode 9.3";
			developmentRegion = en;
			hasScannedForEncodings = 0;
			knownRegions = (
				en,
				Base,
			);
			mainGroup = 3D085C58270BC0950052E95F;
			productRefGroup = 3D085C62270BC0950052E95F /* Products */;
			projectDirPath = "";
			projectRoot = "";
			targets = (
				3D085C60270BC0950052E95F /* Modelos */,
			);
		};
/* End PBXProject section */

/* Begin PBXResourcesBuildPhase section */
		3D085C5F270BC0950052E95F /* Resources */ = {
			isa = PBXResourcesBuildPhase;
			buildActionMask = 2147483647;
			files = (
				3D085C6F270BC09E0052E95F /* LaunchScreen.storyboard in Resources */,
				3D085C6C270BC09E0052E95F /* Assets.xcassets in Resources */,
				3D085C6A270BC0950052E95F /* Main.storyboard in Resources */,
			);
			runOnlyForDeploymentPostprocessing = 0;
		};
/* End PBXResourcesBuildPhase section */

/* Begin PBXSourcesBuildPhase section */
		3D085C5D270BC0950052E95F /* Sources */ = {
			isa = PBXSourcesBuildPhase;
			buildActionMask = 2147483647;
			files = (
				3D085C79270BC7110052E95F /* CeldaRestaurantController.swift in Sources */,
				3D085C67270BC0950052E95F /* ViewController.swift in Sources */,
				3D085C65270BC0950052E95F /* AppDelegate.swift in Sources */,
				3D085C77270BC2C70052E95F /* Restaurant.swift in Sources */,
			);
			runOnlyForDeploymentPostprocessing = 0;
		};
/* End PBXSourcesBuildPhase section */

/* Begin PBXVariantGroup section */
		3D085C68270BC0950052E95F /* Main.storyboard */ = {
			isa = PBXVariantGroup;
			children = (
				3D085C69270BC0950052E95F /* Base */,
			);
			name = Main.storyboard;
			sourceTree = "<group>";
		};
		3D085C6D270BC09E0052E95F /* LaunchScreen.storyboard */ = {
			isa = PBXVariantGroup;
			children = (
				3D085C6E270BC09E0052E95F /* Base */,
			);
			name = LaunchScreen.storyboard;
			sourceTree = "<group>";
		};
/* End PBXVariantGroup section */

/* Begin XCBuildConfiguration section */
		3D085C71270BC09E0052E95F /* Debug */ = {
			isa = XCBuildConfiguration;
			buildSettings = {
				ALWAYS_SEARCH_USER_PATHS = NO;
				CLANG_ANALYZER_NONNULL = YES;
				CLANG_ANALYZER_NUMBER_OBJECT_CONVERSION = YES_AGGRESSIVE;
				CLANG_CXX_LANGUAGE_STANDARD = "gnu++14";
				CLANG_CXX_LIBRARY = "libc++";
				CLANG_ENABLE_MODULES = YES;
				CLANG_ENABLE_OBJC_ARC = YES;
				CLANG_ENABLE_OBJC_WEAK = YES;
				CLANG_WARN_BLOCK_CAPTURE_AUTORELEASING = YES;
				CLANG_WARN_BOOL_CONVERSION = YES;
				CLANG_WARN_COMMA = YES;
				CLANG_WARN_CONSTANT_CONVERSION = YES;
				CLANG_WARN_DEPRECATED_OBJC_IMPLEMENTATIONS = YES;
				CLANG_WARN_DIRECT_OBJC_ISA_USAGE = YES_ERROR;
				CLANG_WARN_DOCUMENTATION_COMMENTS = YES;
				CLANG_WARN_EMPTY_BODY = YES;
				CLANG_WARN_ENUM_CONVERSION = YES;
				CLANG_WARN_INFINITE_RECURSION = YES;
				CLANG_WARN_INT_CONVERSION = YES;
				CLANG_WARN_NON_LITERAL_NULL_CONVERSION = YES;
				CLANG_WARN_OBJC_IMPLICIT_RETAIN_SELF = YES;
				CLANG_WARN_OBJC_LITERAL_CONVERSION = YES;
				CLANG_WARN_OBJC_ROOT_CLASS = YES_ERROR;
				CLANG_WARN_RANGE_LOOP_ANALYSIS = YES;
				CLANG_WARN_STRICT_PROTOTYPES = YES;
				CLANG_WARN_SUSPICIOUS_MOVE = YES;
				CLANG_WARN_UNGUARDED_AVAILABILITY = YES_AGGRESSIVE;
				CLANG_WARN_UNREACHABLE_CODE = YES;
				CLANG_WARN__DUPLICATE_METHOD_MATCH = YES;
				CODE_SIGN_IDENTITY = "iPhone Developer";
				COPY_PHASE_STRIP = NO;
				DEBUG_INFORMATION_FORMAT = dwarf;
				ENABLE_STRICT_OBJC_MSGSEND = YES;
				ENABLE_TESTABILITY = YES;
				GCC_C_LANGUAGE_STANDARD = gnu11;
				GCC_DYNAMIC_NO_PIC = NO;
				GCC_NO_COMMON_BLOCKS = YES;
				GCC_OPTIMIZATION_LEVEL = 0;
				GCC_PREPROCESSOR_DEFINITIONS = (
					"DEBUG=1",
					"$(inherited)",
				);
				GCC_WARN_64_TO_32_BIT_CONVERSION = YES;
				GCC_WARN_ABOUT_RETURN_TYPE = YES_ERROR;
				GCC_WARN_UNDECLARED_SELECTOR = YES;
				GCC_WARN_UNINITIALIZED_AUTOS = YES_AGGRESSIVE;
				GCC_WARN_UNUSED_FUNCTION = YES;
				GCC_WARN_UNUSED_VARIABLE = YES;
				IPHONEOS_DEPLOYMENT_TARGET = 12.4;
				MTL_ENABLE_DEBUG_INFO = INCLUDE_SOURCE;
				MTL_FAST_MATH = YES;
				ONLY_ACTIVE_ARCH = YES;
				SDKROOT = iphoneos;
				SWIFT_ACTIVE_COMPILATION_CONDITIONS = DEBUG;
				SWIFT_OPTIMIZATION_LEVEL = "-Onone";
			};
			name = Debug;
		};
		3D085C72270BC09E0052E95F /* Release */ = {
			isa = XCBuildConfiguration;
			buildSettings = {
				ALWAYS_SEARCH_USER_PATHS = NO;
				CLANG_ANALYZER_NONNULL = YES;
				CLANG_ANALYZER_NUMBER_OBJECT_CONVERSION = YES_AGGRESSIVE;
				CLANG_CXX_LANGUAGE_STANDARD = "gnu++14";
				CLANG_CXX_LIBRARY = "libc++";
				CLANG_ENABLE_MODULES = YES;
				CLANG_ENABLE_OBJC_ARC = YES;
				CLANG_ENABLE_OBJC_WEAK = YES;
				CLANG_WARN_BLOCK_CAPTURE_AUTORELEASING = YES;
				CLANG_WARN_BOOL_CONVERSION = YES;
				CLANG_WARN_COMMA = YES;
				CLANG_WARN_CONSTANT_CONVERSION = YES;
				CLANG_WARN_DEPRECATED_OBJC_IMPLEMENTATIONS = YES;
				CLANG_WARN_DIRECT_OBJC_ISA_USAGE = YES_ERROR;
				CLANG_WARN_DOCUMENTATION_COMMENTS = YES;
				CLANG_WARN_EMPTY_BODY = YES;
				CLANG_WARN_ENUM_CONVERSION = YES;
				CLANG_WARN_INFINITE_RECURSION = YES;
				CLANG_WARN_INT_CONVERSION = YES;
				CLANG_WARN_NON_LITERAL_NULL_CONVERSION = YES;
				CLANG_WARN_OBJC_IMPLICIT_RETAIN_SELF = YES;
				CLANG_WARN_OBJC_LITERAL_CONVERSION = YES;
				CLANG_WARN_OBJC_ROOT_CLASS = YES_ERROR;
				CLANG_WARN_RANGE_LOOP_ANALYSIS = YES;
				CLANG_WARN_STRICT_PROTOTYPES = YES;
				CLANG_WARN_SUSPICIOUS_MOVE = YES;
				CLANG_WARN_UNGUARDED_AVAILABILITY = YES_AGGRESSIVE;
				CLANG_WARN_UNREACHABLE_CODE = YES;
				CLANG_WARN__DUPLICATE_METHOD_MATCH = YES;
				CODE_SIGN_IDENTITY = "iPhone Developer";
				COPY_PHASE_STRIP = NO;
				DEBUG_INFORMATION_FORMAT = "dwarf-with-dsym";
				ENABLE_NS_ASSERTIONS = NO;
				ENABLE_STRICT_OBJC_MSGSEND = YES;
				GCC_C_LANGUAGE_STANDARD = gnu11;
				GCC_NO_COMMON_BLOCKS = YES;
				GCC_WARN_64_TO_32_BIT_CONVERSION = YES;
				GCC_WARN_ABOUT_RETURN_TYPE = YES_ERROR;
				GCC_WARN_UNDECLARED_SELECTOR = YES;
				GCC_WARN_UNINITIALIZED_AUTOS = YES_AGGRESSIVE;
				GCC_WARN_UNUSED_FUNCTION = YES;
				GCC_WARN_UNUSED_VARIABLE = YES;
				IPHONEOS_DEPLOYMENT_TARGET = 12.4;
				MTL_ENABLE_DEBUG_INFO = NO;
				MTL_FAST_MATH = YES;
				SDKROOT = iphoneos;
				SWIFT_COMPILATION_MODE = wholemodule;
				SWIFT_OPTIMIZATION_LEVEL = "-O";
				VALIDATE_PRODUCT = YES;
			};
			name = Release;
		};
		3D085C74270BC09E0052E95F /* Debug */ = {
			isa = XCBuildConfiguration;
			buildSettings = {
				ASSETCATALOG_COMPILER_APPICON_NAME = AppIcon;
				CODE_SIGN_STYLE = Automatic;
				INFOPLIST_FILE = Modelos/Info.plist;
				LD_RUNPATH_SEARCH_PATHS = (
					"$(inherited)",
					"@executable_path/Frameworks",
				);
				PRODUCT_BUNDLE_IDENTIFIER = edu.ulsa.Modelos;
				PRODUCT_NAME = "$(TARGET_NAME)";
				SWIFT_VERSION = 5.0;
				TARGETED_DEVICE_FAMILY = "1,2";
			};
			name = Debug;
		};
		3D085C75270BC09E0052E95F /* Release */ = {
			isa = XCBuildConfiguration;
			buildSettings = {
				ASSETCATALOG_COMPILER_APPICON_NAME = AppIcon;
				CODE_SIGN_STYLE = Automatic;
				INFOPLIST_FILE = Modelos/Info.plist;
				LD_RUNPATH_SEARCH_PATHS = (
					"$(inherited)",
					"@executable_path/Frameworks",
				);
				PRODUCT_BUNDLE_IDENTIFIER = edu.ulsa.Modelos;
				PRODUCT_NAME = "$(TARGET_NAME)";
				SWIFT_VERSION = 5.0;
				TARGETED_DEVICE_FAMILY = "1,2";
			};
			name = Release;
		};
/* End XCBuildConfiguration section */

/* Begin XCConfigurationList section */
		3D085C5C270BC0950052E95F /* Build configuration list for PBXProject "Modelos" */ = {
			isa = XCConfigurationList;
			buildConfigurations = (
				3D085C71270BC09E0052E95F /* Debug */,
				3D085C72270BC09E0052E95F /* Release */,
			);
			defaultConfigurationIsVisible = 0;
			defaultConfigurationName = Release;
		};
		3D085C73270BC09E0052E95F /* Build configuration list for PBXNativeTarget "Modelos" */ = {
			isa = XCConfigurationList;
			buildConfigurations = (
				3D085C74270BC09E0052E95F /* Debug */,
				3D085C75270BC09E0052E95F /* Release */,
			);
			defaultConfigurationIsVisible = 0;
			defaultConfigurationName = Release;
		};
/* End XCConfigurationList section */
	};
	rootObject = 3D085C59270BC0950052E95F /* Project object */;
}
